
Microsoft Visual Studio Solution File, Format Version 12.00
# Visual Studio Version 16
VisualStudioVersion = 16.0.31410.357
MinimumVisualStudioVersion = 10.0.40219.1
Project("{FAE04EC0-301F-11D3-BF4B-00C04F79EFBC}") = "IgnitisUzduotis", "IgnitisUzduotis\IgnitisUzduotis.csproj", "{BB404A1E-9B83-41F9-972E-BD993C8AE8D4}"
EndProject
Global
	GlobalSection(SolutionConfigurationPlatforms) = preSolution
		Debug|Any CPU = Debug|Any CPU
		Release|Any CPU = Release|Any CPU
	EndGlobalSection
	GlobalSection(ProjectConfigurationPlatforms) = postSolution
		{BB404A1E-9B83-41F9-972E-BD993C8AE8D4}.Debug|Any CPU.ActiveCfg = Debug|Any CPU
		{BB404A1E-9B83-41F9-972E-BD993C8AE8D4}.Debug|Any CPU.Build.0 = Debug|Any CPU
		{BB404A1E-9B83-41F9-972E-BD993C8AE8D4}.Release|Any CPU.ActiveCfg = Release|Any CPU
		{BB404A1E-9B83-41F9-972E-BD993C8AE8D4}.Release|Any CPU.Build.0 = Release|Any CPU
	EndGlobalSection
	GlobalSection(SolutionProperties) = preSolution
		HideSolutionNode = FALSE
	EndGlobalSection
	GlobalSection(ExtensibilityGlobals) = postSolution
		SolutionGuid = {C506AA38-9FE4-4E9A-8A62-33399B265551}
	EndGlobalSection
EndGlobal
